
Microsoft Visual Studio Solution File, Format Version 12.00
# Visual Studio Version 17
VisualStudioVersion = 17.13.35825.156 d17.13
MinimumVisualStudioVersion = 10.0.40219.1
Project("{FAE04EC0-301F-11D3-BF4B-00C04F79EFBC}") = "Hello_World", "Hello_World\Hello_World.csproj", "{FA4CA2D1-E823-4991-A4A1-51797A132CFC}"
EndProject
Global
	GlobalSection(SolutionConfigurationPlatforms) = preSolution
		Debug|Any CPU = Debug|Any CPU
		Release|Any CPU = Release|Any CPU
	EndGlobalSection
	GlobalSection(ProjectConfigurationPlatforms) = postSolution
		{FA4CA2D1-E823-4991-A4A1-51797A132CFC}.Debug|Any CPU.ActiveCfg = Debug|Any CPU
		{FA4CA2D1-E823-4991-A4A1-51797A132CFC}.Debug|Any CPU.Build.0 = Debug|Any CPU
		{FA4CA2D1-E823-4991-A4A1-51797A132CFC}.Release|Any CPU.ActiveCfg = Release|Any CPU
		{FA4CA2D1-E823-4991-A4A1-51797A132CFC}.Release|Any CPU.Build.0 = Release|Any CPU
	EndGlobalSection
	GlobalSection(SolutionProperties) = preSolution
		HideSolutionNode = FALSE
	EndGlobalSection
	GlobalSection(ExtensibilityGlobals) = postSolution
		SolutionGuid = {06F402B1-EB47-4245-B83C-3EB002563DFC}
	EndGlobalSection
EndGlobal
